// !$*UTF8*$!
{
	archiveVersion = 1;
	classes = {
	};
	objectVersion = 46;
	objects = {

/* Begin PBXBuildFile section */
		3B4FF2C81C89ABDF00570A2A /* AppDelegate.swift in Sources */ = {isa = PBXBuildFile; fileRef = 3B4FF2C71C89ABDF00570A2A /* AppDelegate.swift */; };
		3B4FF2CA1C89ABDF00570A2A /* ViewController.swift in Sources */ = {isa = PBXBuildFile; fileRef = 3B4FF2C91C89ABDF00570A2A /* ViewController.swift */; };
		3B4FF2CD1C89ABDF00570A2A /* Main.storyboard in Resources */ = {isa = PBXBuildFile; fileRef = 3B4FF2CB1C89ABDF00570A2A /* Main.storyboard */; };
		3B4FF2CF1C89ABDF00570A2A /* Assets.xcassets in Resources */ = {isa = PBXBuildFile; fileRef = 3B4FF2CE1C89ABDF00570A2A /* Assets.xcassets */; };
		3B4FF2D21C89ABDF00570A2A /* LaunchScreen.storyboard in Resources */ = {isa = PBXBuildFile; fileRef = 3B4FF2D01C89ABDF00570A2A /* LaunchScreen.storyboard */; };
		3B4FF2DB1C8AA5FC00570A2A /* demo_rounded_content.gif in Resources */ = {isa = PBXBuildFile; fileRef = 3B4FF2DA1C8AA5FC00570A2A /* demo_rounded_content.gif */; };
/* End PBXBuildFile section */

/* Begin PBXFileReference section */
		3B4FF2C41C89ABDF00570A2A /* TestCornerTableView.app */ = {isa = PBXFileReference; explicitFileType = wrapper.application; includeInIndex = 0; path = TestCornerTableView.app; sourceTree = BUILT_PRODUCTS_DIR; };
		3B4FF2C71C89ABDF00570A2A /* AppDelegate.swift */ = {isa = PBXFileReference; lastKnownFileType = sourcecode.swift; path = AppDelegate.swift; sourceTree = "<group>"; };
		3B4FF2C91C89ABDF00570A2A /* ViewController.swift */ = {isa = PBXFileReference; lastKnownFileType = sourcecode.swift; path = ViewController.swift; sourceTree = "<group>"; };
		3B4FF2CC1C89ABDF00570A2A /* Base */ = {isa = PBXFileReference; lastKnownFileType = file.storyboard; name = Base; path = Base.lproj/Main.storyboard; sourceTree = "<group>"; };
		3B4FF2CE1C89ABDF00570A2A /* Assets.xcassets */ = {isa = PBXFileReference; lastKnownFileType = folder.assetcatalog; path = Assets.xcassets; sourceTree = "<group>"; };
		3B4FF2D11C89ABDF00570A2A /* Base */ = {isa = PBXFileReference; lastKnownFileType = file.storyboard; name = Base; path = Base.lproj/LaunchScreen.storyboard; sourceTree = "<group>"; };
		3B4FF2D31C89ABDF00570A2A /* Info.plist */ = {isa = PBXFileReference; lastKnownFileType = text.plist.xml; path = Info.plist; sourceTree = "<group>"; };
		3B4FF2DA1C8AA5FC00570A2A /* demo_rounded_content.gif */ = {isa = PBXFileReference; lastKnownFileType = image.gif; path = demo_rounded_content.gif; sourceTree = "<group>"; };
/* End PBXFileReference section */

/* Begin PBXFrameworksBuildPhase section */
		3B4FF2C11C89ABDF00570A2A /* Frameworks */ = {
			isa = PBXFrameworksBuildPhase;
			buildActionMask = 2147483647;
			files = (
			);
			runOnlyForDeploymentPostprocessing = 0;
		};
/* End PBXFrameworksBuildPhase section */

/* Begin PBXGroup section */
		3B4FF2BB1C89ABDF00570A2A = {
			isa = PBXGroup;
			children = (
				3B4FF2D91C8AA5E300570A2A /* resources */,
				3B4FF2C61C89ABDF00570A2A /* TestCornerTableView */,
				3B4FF2C51C89ABDF00570A2A /* Products */,
			);
			sourceTree = "<group>";
		};
		3B4FF2C51C89ABDF00570A2A /* Products */ = {
			isa = PBXGroup;
			children = (
				3B4FF2C41C89ABDF00570A2A /* TestCornerTableView.app */,
			);
			name = Products;
			sourceTree = "<group>";
		};
		3B4FF2C61C89ABDF00570A2A /* TestCornerTableView */ = {
			isa = PBXGroup;
			children = (
				3B4FF2C71C89ABDF00570A2A /* AppDelegate.swift */,
				3B4FF2C91C89ABDF00570A2A /* ViewController.swift */,
				3B4FF2CB1C89ABDF00570A2A /* Main.storyboard */,
				3B4FF2CE1C89ABDF00570A2A /* Assets.xcassets */,
				3B4FF2D01C89ABDF00570A2A /* LaunchScreen.storyboard */,
				3B4FF2D31C89ABDF00570A2A /* Info.plist */,
			);
			path = TestCornerTableView;
			sourceTree = "<group>";
		};
		3B4FF2D91C8AA5E300570A2A /* resources */ = {
			isa = PBXGroup;
			children = (
				3B4FF2DA1C8AA5FC00570A2A /* demo_rounded_content.gif */,
			);
			name = resources;
			sourceTree = "<group>";
		};
/* End PBXGroup section */

/* Begin PBXNativeTarget section */
		3B4FF2C31C89ABDF00570A2A /* TestCornerTableView */ = {
			isa = PBXNativeTarget;
			buildConfigurationList = 3B4FF2D61C89ABDF00570A2A /* Build configuration list for PBXNativeTarget "TestCornerTableView" */;
			buildPhases = (
				3B4FF2C01C89ABDF00570A2A /* Sources */,
				3B4FF2C11C89ABDF00570A2A /* Frameworks */,
				3B4FF2C21C89ABDF00570A2A /* Resources */,
			);
			buildRules = (
			);
			dependencies = (
			);
			name = TestCornerTableView;
			productName = TestCornerTableView;
			productReference = 3B4FF2C41C89ABDF00570A2A /* TestCornerTableView.app */;
			productType = "com.apple.product-type.application";
		};
/* End PBXNativeTarget section */

/* Begin PBXProject section */
		3B4FF2BC1C89ABDF00570A2A /* Project object */ = {
			isa = PBXProject;
			attributes = {
				LastSwiftUpdateCheck = 0720;
				LastUpgradeCheck = 0720;
				ORGANIZATIONNAME = ayo1103;
				TargetAttributes = {
					3B4FF2C31C89ABDF00570A2A = {
						CreatedOnToolsVersion = 7.2.1;
					};
				};
			};
			buildConfigurationList = 3B4FF2BF1C89ABDF00570A2A /* Build configuration list for PBXProject "TestCornerTableView" */;
			compatibilityVersion = "Xcode 3.2";
			developmentRegion = English;
			hasScannedForEncodings = 0;
			knownRegions = (
				en,
				Base,
			);
			mainGroup = 3B4FF2BB1C89ABDF00570A2A;
			productRefGroup = 3B4FF2C51C89ABDF00570A2A /* Products */;
			projectDirPath = "";
			projectRoot = "";
			targets = (
				3B4FF2C31C89ABDF00570A2A /* TestCornerTableView */,
			);
		};
/* End PBXProject section */

/* Begin PBXResourcesBuildPhase section */
		3B4FF2C21C89ABDF00570A2A /* Resources */ = {
			isa = PBXResourcesBuildPhase;
			buildActionMask = 2147483647;
			files = (
				3B4FF2D21C89ABDF00570A2A /* LaunchScreen.storyboard in Resources */,
				3B4FF2CF1C89ABDF00570A2A /* Assets.xcassets in Resources */,
				3B4FF2CD1C89ABDF00570A2A /* Main.storyboard in Resources */,
				3B4FF2DB1C8AA5FC00570A2A /* demo_rounded_content.gif in Resources */,
			);
			runOnlyForDeploymentPostprocessing = 0;
		};
/* End PBXResourcesBuildPhase section */

/* Begin PBXSourcesBuildPhase section */
		3B4FF2C01C89ABDF00570A2A /* Sources */ = {
			isa = PBXSourcesBuildPhase;
			buildActionMask = 2147483647;
			files = (
				3B4FF2CA1C89ABDF00570A2A /* ViewController.swift in Sources */,
				3B4FF2C81C89ABDF00570A2A /* AppDelegate.swift in Sources */,
			);
			runOnlyForDeploymentPostprocessing = 0;
		};
/* End PBXSourcesBuildPhase section */

/* Begin PBXVariantGroup section */
		3B4FF2CB1C89ABDF00570A2A /* Main.storyboard */ = {
			isa = PBXVariantGroup;
			children = (
				3B4FF2CC1C89ABDF00570A2A /* Base */,
			);
			name = Main.storyboard;
			sourceTree = "<group>";
		};
		3B4FF2D01C89ABDF00570A2A /* LaunchScreen.storyboard */ = {
			isa = PBXVariantGroup;
			children = (
				3B4FF2D11C89ABDF00570A2A /* Base */,
			);
			name = LaunchScreen.storyboard;
			sourceTree = "<group>";
		};
/* End PBXVariantGroup section */

/* Begin XCBuildConfiguration section */
		3B4FF2D41C89ABDF00570A2A /* Debug */ = {
			isa = XCBuildConfiguration;
			buildSettings = {
				ALWAYS_SEARCH_USER_PATHS = NO;
				CLANG_CXX_LANGUAGE_STANDARD = "gnu++0x";
				CLANG_CXX_LIBRARY = "libc++";
				CLANG_ENABLE_MODULES = YES;
				CLANG_ENABLE_OBJC_ARC = YES;
				CLANG_WARN_BOOL_CONVERSION = YES;
				CLANG_WARN_CONSTANT_CONVERSION = YES;
				CLANG_WARN_DIRECT_OBJC_ISA_USAGE = YES_ERROR;
				CLANG_WARN_EMPTY_BODY = YES;
				CLANG_WARN_ENUM_CONVERSION = YES;
				CLANG_WARN_INT_CONVERSION = YES;
				CLANG_WARN_OBJC_ROOT_CLASS = YES_ERROR;
				CLANG_WARN_UNREACHABLE_CODE = YES;
				CLANG_WARN__DUPLICATE_METHOD_MATCH = YES;
				"CODE_SIGN_IDENTITY[sdk=iphoneos*]" = "iPhone Developer";
				COPY_PHASE_STRIP = NO;
				DEBUG_INFORMATION_FORMAT = dwarf;
				ENABLE_STRICT_OBJC_MSGSEND = YES;
				ENABLE_TESTABILITY = YES;
				GCC_C_LANGUAGE_STANDARD = gnu99;
				GCC_DYNAMIC_NO_PIC = NO;
				GCC_NO_COMMON_BLOCKS = YES;
				GCC_OPTIMIZATION_LEVEL = 0;
				GCC_PREPROCESSOR_DEFINITIONS = (
					"DEBUG=1",
					"$(inherited)",
				);
				GCC_WARN_64_TO_32_BIT_CONVERSION = YES;
				GCC_WARN_ABOUT_RETURN_TYPE = YES_ERROR;
				GCC_WARN_UNDECLARED_SELECTOR = YES;
				GCC_WARN_UNINITIALIZED_AUTOS = YES_AGGRESSIVE;
				GCC_WARN_UNUSED_FUNCTION = YES;
				GCC_WARN_UNUSED_VARIABLE = YES;
				IPHONEOS_DEPLOYMENT_TARGET = 9.2;
				MTL_ENABLE_DEBUG_INFO = YES;
				ONLY_ACTIVE_ARCH = YES;
				SDKROOT = iphoneos;
				SWIFT_OPTIMIZATION_LEVEL = "-Onone";
				TARGETED_DEVICE_FAMILY = "1,2";
			};
			name = Debug;
		};
		3B4FF2D51C89ABDF00570A2A /* Release */ = {
			isa = XCBuildConfiguration;
			buildSettings = {
				ALWAYS_SEARCH_USER_PATHS = NO;
				CLANG_CXX_LANGUAGE_STANDARD = "gnu++0x";
				CLANG_CXX_LIBRARY = "libc++";
				CLANG_ENABLE_MODULES = YES;
				CLANG_ENABLE_OBJC_ARC = YES;
				CLANG_WARN_BOOL_CONVERSION = YES;
				CLANG_WARN_CONSTANT_CONVERSION = YES;
				CLANG_WARN_DIRECT_OBJC_ISA_USAGE = YES_ERROR;
				CLANG_WARN_EMPTY_BODY = YES;
				CLANG_WARN_ENUM_CONVERSION = YES;
				CLANG_WARN_INT_CONVERSION = YES;
				CLANG_WARN_OBJC_ROOT_CLASS = YES_ERROR;
				CLANG_WARN_UNREACHABLE_CODE = YES;
				CLANG_WARN__DUPLICATE_METHOD_MATCH = YES;
				"CODE_SIGN_IDENTITY[sdk=iphoneos*]" = "iPhone Developer";
				COPY_PHASE_STRIP = NO;
				DEBUG_INFORMATION_FORMAT = "dwarf-with-dsym";
				ENABLE_NS_ASSERTIONS = NO;
				ENABLE_STRICT_OBJC_MSGSEND = YES;
				GCC_C_LANGUAGE_STANDARD = gnu99;
				GCC_NO_COMMON_BLOCKS = YES;
				GCC_WARN_64_TO_32_BIT_CONVERSION = YES;
				GCC_WARN_ABOUT_RETURN_TYPE = YES_ERROR;
				GCC_WARN_UNDECLARED_SELECTOR = YES;
				GCC_WARN_UNINITIALIZED_AUTOS = YES_AGGRESSIVE;
				GCC_WARN_UNUSED_FUNCTION = YES;
				GCC_WARN_UNUSED_VARIABLE = YES;
				IPHONEOS_DEPLOYMENT_TARGET = 9.2;
				MTL_ENABLE_DEBUG_INFO = NO;
				SDKROOT = iphoneos;
				TARGETED_DEVICE_FAMILY = "1,2";
				VALIDATE_PRODUCT = YES;
			};
			name = Release;
		};
		3B4FF2D71C89ABDF00570A2A /* Debug */ = {
			isa = XCBuildConfiguration;
			buildSettings = {
				ASSETCATALOG_COMPILER_APPICON_NAME = AppIcon;
				INFOPLIST_FILE = TestCornerTableView/Info.plist;
				LD_RUNPATH_SEARCH_PATHS = "$(inherited) @executable_path/Frameworks";
				PRODUCT_BUNDLE_IDENTIFIER = com.ayo1103.TestCornerTableView;
				PRODUCT_NAME = "$(TARGET_NAME)";
			};
			name = Debug;
		};
		3B4FF2D81C89ABDF00570A2A /* Release */ = {
			isa = XCBuildConfiguration;
			buildSettings = {
				ASSETCATALOG_COMPILER_APPICON_NAME = AppIcon;
				INFOPLIST_FILE = TestCornerTableView/Info.plist;
				LD_RUNPATH_SEARCH_PATHS = "$(inherited) @executable_path/Frameworks";
				PRODUCT_BUNDLE_IDENTIFIER = com.ayo1103.TestCornerTableView;
				PRODUCT_NAME = "$(TARGET_NAME)";
			};
			name = Release;
		};
/* End XCBuildConfiguration section */

/* Begin XCConfigurationList section */
		3B4FF2BF1C89ABDF00570A2A /* Build configuration list for PBXProject "TestCornerTableView" */ = {
			isa = XCConfigurationList;
			buildConfigurations = (
				3B4FF2D41C89ABDF00570A2A /* Debug */,
				3B4FF2D51C89ABDF00570A2A /* Release */,
			);
			defaultConfigurationIsVisible = 0;
			defaultConfigurationName = Release;
		};
		3B4FF2D61C89ABDF00570A2A /* Build configuration list for PBXNativeTarget "TestCornerTableView" */ = {
			isa = XCConfigurationList;
			buildConfigurations = (
				3B4FF2D71C89ABDF00570A2A /* Debug */,
				3B4FF2D81C89ABDF00570A2A /* Release */,
			);
			defaultConfigurationIsVisible = 0;
		};
/* End XCConfigurationList section */
	};
	rootObject = 3B4FF2BC1C89ABDF00570A2A /* Project object */;
}
